# This file was autogenerated by Stack.
# You should not edit this file by hand.
# For more information, please see the documentation at:
#   https://docs.haskellstack.org/en/stable/lock_files

packages:
- completed:
    hackage: megaparsec-9.3.0@sha256:5836aed85cdc87025c2e947040331f2a3cde32911db3b841161c6f3dc4fc5f4f,3219
    pantry-tree:
      sha256: 5373bad5ded9d65b4947b0cda8720e73bcb2321f3e45e6487596803bc56d65f9
      size: 1519
  original:
    hackage: megaparsec-9.3.0
- completed:
    hackage: aeson-2.1.2.1@sha256:aaa8be7ead024f05e9d5b290eb7ee5750deec1137b8f08f7ef039b8cb9036351,6355
    pantry-tree:
      sha256: a0d920dfe603c64910911c5ebf22b73f86a61b9e61e9fc629f0f31a8ec0de683
      size: 82465
  original:
    hackage: aeson-2.1.2.1
- completed:
    hackage: hashable-1.4.3.0@sha256:f3bf68acfa0df7a064a378ef2cdcfeb55e6fb96100675f4c593556dcbf3d7194,4718
    pantry-tree:
      sha256: abef0611d6a717ba351317bdb603ef536659e7767a49ba81b2dbe20994065c7d
      size: 1248
  original:
    hackage: hashable-1.4.3.0
snapshots:
- completed:
    sha256: a81fb3877c4f9031e1325eb3935122e608d80715dc16b586eb11ddbff8671ecd
    size: 640086
    url: https://raw.githubusercontent.com/commercialhaskell/stackage-snapshots/master/lts/21/25.yaml
  original: lts-21.25
